
Microsoft Visual Studio Solution File, Format Version 12.00
# Visual Studio Version 17
VisualStudioVersion = 17.0.32126.317
MinimumVisualStudioVersion = 10.0.40219.1
Project("{2150E333-8FDC-42A3-9474-1A3956D46DE8}") = "Tests", "Tests", "{9C75E792-781D-49B7-B7BC-AFF4FB9A0DC4}"
EndProject
Project("{9A19103F-16F7-4668-BE54-9A1E7A4F7556}") = "HalfLife.UnifiedSdk.Utilities", "src\HalfLife.UnifiedSdk.Utilities\HalfLife.UnifiedSdk.Utilities.csproj", "{B3175D52-B32F-486F-AE3F-E17C4E48EC44}"
EndProject
Project("{9A19103F-16F7-4668-BE54-9A1E7A4F7556}") = "HalfLife.UnifiedSdk.Utilities.Tests", "src\HalfLife.UnifiedSdk.Utilities.Tests\HalfLife.UnifiedSdk.Utilities.Tests.csproj", "{8F4B38E4-BCFC-4188-A10C-A7F9BD165EBA}"
EndProject
Project("{9A19103F-16F7-4668-BE54-9A1E7A4F7556}") = "HalfLife.UnifiedSdk.Skill2Json", "src\HalfLife.UnifiedSdk.Skill2Json\HalfLife.UnifiedSdk.Skill2Json.csproj", "{99B7F7CC-3224-401C-B24B-2D6A4D58F064}"
EndProject
Project("{9A19103F-16F7-4668-BE54-9A1E7A4F7556}") = "HalfLife.UnifiedSdk.Formats", "src\HalfLife.UnifiedSdk.Formats\HalfLife.UnifiedSdk.Formats.csproj", "{9F04F2EA-0C6A-4334-99C2-90EAAE72449C}"
EndProject
Project("{9A19103F-16F7-4668-BE54-9A1E7A4F7556}") = "HalfLife.UnifiedSdk.Packager", "src\HalfLife.UnifiedSdk.Packager\HalfLife.UnifiedSdk.Packager.csproj", "{8EAA6047-CE9B-4F23-BA22-2159AD760A76}"
EndProject
Project("{9A19103F-16F7-4668-BE54-9A1E7A4F7556}") = "HalfLife.UnifiedSdk.AssetSynchronizer", "src\HalfLife.UnifiedSdk.AssetSynchronizer\HalfLife.UnifiedSdk.AssetSynchronizer.csproj", "{B86A9314-3F96-43A0-8ACF-2CE5ECD31B9B}"
EndProject
Project("{9A19103F-16F7-4668-BE54-9A1E7A4F7556}") = "HalfLife.UnifiedSdk.MapUpgrader.Upgrades", "src\HalfLife.UnifiedSdk.MapUpgrader.Upgrades\HalfLife.UnifiedSdk.MapUpgrader.Upgrades.csproj", "{14ADC145-1A9E-4EEA-8C11-1DB5E344A5E9}"
EndProject
Project("{9A19103F-16F7-4668-BE54-9A1E7A4F7556}") = "HalfLife.UnifiedSdk.MapUpgrader", "src\HalfLife.UnifiedSdk.MapUpgrader\HalfLife.UnifiedSdk.MapUpgrader.csproj", "{A6E9C2F6-1648-4F06-B50C-F2049E61C235}"
EndProject
Project("{9A19103F-16F7-4668-BE54-9A1E7A4F7556}") = "HalfLife.UnifiedSdk.KeyValueMatcher", "src\HalfLife.UnifiedSdk.KeyValueMatcher\HalfLife.UnifiedSdk.KeyValueMatcher.csproj", "{EBB29A0D-3216-4380-A568-E0A46FEBF7BD}"
EndProject
Project("{2150E333-8FDC-42A3-9474-1A3956D46DE8}") = "Programs", "Programs", "{3F19AEBE-37C0-437E-AD24-529E820FCDE6}"
EndProject
Project("{2150E333-8FDC-42A3-9474-1A3956D46DE8}") = "Libraries", "Libraries", "{550BDB5E-801F-4B44-8FF4-A4C54DBC213A}"
EndProject
Project("{9A19103F-16F7-4668-BE54-9A1E7A4F7556}") = "HalfLife.UnifiedSdk.Bsp2Obj", "src\HalfLife.UnifiedSdk.Bsp2Obj\HalfLife.UnifiedSdk.Bsp2Obj.csproj", "{9EC5BF77-D0AA-4944-A442-C86EF548E332}"
EndProject
Project("{9A19103F-16F7-4668-BE54-9A1E7A4F7556}") = "HalfLife.UnifiedSdk.Materials2Json", "src\HalfLife.UnifiedSdk.Materials2Json\HalfLife.UnifiedSdk.Materials2Json.csproj", "{DBDB4335-C539-44EF-8370-4EBDAB771BCC}"
EndProject
Project("{9A19103F-16F7-4668-BE54-9A1E7A4F7556}") = "HalfLife.UnifiedSdk.Hud2Json", "src\HalfLife.UnifiedSdk.Hud2Json\HalfLife.UnifiedSdk.Hud2Json.csproj", "{9DE6B0B7-AA03-43B5-BC32-4BED55345029}"
EndProject
Project("{9A19103F-16F7-4668-BE54-9A1E7A4F7556}") = "HalfLife.UnifiedSdk.MapCfgGenerator", "src\HalfLife.UnifiedSdk.MapCfgGenerator\HalfLife.UnifiedSdk.MapCfgGenerator.csproj", "{64FA22B3-99E5-4D2F-9565-EF1D568E1C84}"
EndProject
Project("{9A19103F-16F7-4668-BE54-9A1E7A4F7556}") = "HalfLife.UnifiedSdk.ContentInstaller", "src\HalfLife.UnifiedSdk.ContentInstaller\HalfLife.UnifiedSdk.ContentInstaller.csproj", "{E3DFCB9A-388E-4ABC-82DB-29673D41630C}"
EndProject
Project("{9A19103F-16F7-4668-BE54-9A1E7A4F7556}") = "HalfLife.UnifiedSdk.Sentences2Json", "src\HalfLife.UnifiedSdk.Sentences2Json\HalfLife.UnifiedSdk.Sentences2Json.csproj", "{799EFE3E-02C8-4096-9BB7-7FCAC21ED59C}"
EndProject
Project("{9A19103F-16F7-4668-BE54-9A1E7A4F7556}") = "HalfLife.UnifiedSdk.MapUpgraderDocGenerator", "src\HalfLife.UnifiedSdk.MapUpgraderDocGenerator\HalfLife.UnifiedSdk.MapUpgraderDocGenerator.csproj", "{2440426F-4A81-421D-A262-66B08AF37ABF}"
EndProject
Global
	GlobalSection(SolutionConfigurationPlatforms) = preSolution
		Debug|Any CPU = Debug|Any CPU
		Release|Any CPU = Release|Any CPU
	EndGlobalSection
	GlobalSection(ProjectConfigurationPlatforms) = postSolution
		{B3175D52-B32F-486F-AE3F-E17C4E48EC44}.Debug|Any CPU.ActiveCfg = Debug|Any CPU
		{B3175D52-B32F-486F-AE3F-E17C4E48EC44}.Debug|Any CPU.Build.0 = Debug|Any CPU
		{B3175D52-B32F-486F-AE3F-E17C4E48EC44}.Release|Any CPU.ActiveCfg = Release|Any CPU
		{B3175D52-B32F-486F-AE3F-E17C4E48EC44}.Release|Any CPU.Build.0 = Release|Any CPU
		{8F4B38E4-BCFC-4188-A10C-A7F9BD165EBA}.Debug|Any CPU.ActiveCfg = Debug|Any CPU
		{8F4B38E4-BCFC-4188-A10C-A7F9BD165EBA}.Debug|Any CPU.Build.0 = Debug|Any CPU
		{8F4B38E4-BCFC-4188-A10C-A7F9BD165EBA}.Release|Any CPU.ActiveCfg = Release|Any CPU
		{8F4B38E4-BCFC-4188-A10C-A7F9BD165EBA}.Release|Any CPU.Build.0 = Release|Any CPU
		{99B7F7CC-3224-401C-B24B-2D6A4D58F064}.Debug|Any CPU.ActiveCfg = Debug|Any CPU
		{99B7F7CC-3224-401C-B24B-2D6A4D58F064}.Debug|Any CPU.Build.0 = Debug|Any CPU
		{99B7F7CC-3224-401C-B24B-2D6A4D58F064}.Release|Any CPU.ActiveCfg = Release|Any CPU
		{99B7F7CC-3224-401C-B24B-2D6A4D58F064}.Release|Any CPU.Build.0 = Release|Any CPU
		{9F04F2EA-0C6A-4334-99C2-90EAAE72449C}.Debug|Any CPU.ActiveCfg = Debug|Any CPU
		{9F04F2EA-0C6A-4334-99C2-90EAAE72449C}.Debug|Any CPU.Build.0 = Debug|Any CPU
		{9F04F2EA-0C6A-4334-99C2-90EAAE72449C}.Release|Any CPU.ActiveCfg = Release|Any CPU
		{9F04F2EA-0C6A-4334-99C2-90EAAE72449C}.Release|Any CPU.Build.0 = Release|Any CPU
		{8EAA6047-CE9B-4F23-BA22-2159AD760A76}.Debug|Any CPU.ActiveCfg = Debug|Any CPU
		{8EAA6047-CE9B-4F23-BA22-2159AD760A76}.Debug|Any CPU.Build.0 = Debug|Any CPU
		{8EAA6047-CE9B-4F23-BA22-2159AD760A76}.Release|Any CPU.ActiveCfg = Release|Any CPU
		{8EAA6047-CE9B-4F23-BA22-2159AD760A76}.Release|Any CPU.Build.0 = Release|Any CPU
		{B86A9314-3F96-43A0-8ACF-2CE5ECD31B9B}.Debug|Any CPU.ActiveCfg = Debug|Any CPU
		{B86A9314-3F96-43A0-8ACF-2CE5ECD31B9B}.Debug|Any CPU.Build.0 = Debug|Any CPU
		{B86A9314-3F96-43A0-8ACF-2CE5ECD31B9B}.Release|Any CPU.ActiveCfg = Release|Any CPU
		{B86A9314-3F96-43A0-8ACF-2CE5ECD31B9B}.Release|Any CPU.Build.0 = Release|Any CPU
		{14ADC145-1A9E-4EEA-8C11-1DB5E344A5E9}.Debug|Any CPU.ActiveCfg = Debug|Any CPU
		{14ADC145-1A9E-4EEA-8C11-1DB5E344A5E9}.Debug|Any CPU.Build.0 = Debug|Any CPU
		{14ADC145-1A9E-4EEA-8C11-1DB5E344A5E9}.Release|Any CPU.ActiveCfg = Release|Any CPU
		{14ADC145-1A9E-4EEA-8C11-1DB5E344A5E9}.Release|Any CPU.Build.0 = Release|Any CPU
		{A6E9C2F6-1648-4F06-B50C-F2049E61C235}.Debug|Any CPU.ActiveCfg = Debug|Any CPU
		{A6E9C2F6-1648-4F06-B50C-F2049E61C235}.Debug|Any CPU.Build.0 = Debug|Any CPU
		{A6E9C2F6-1648-4F06-B50C-F2049E61C235}.Release|Any CPU.ActiveCfg = Release|Any CPU
		{A6E9C2F6-1648-4F06-B50C-F2049E61C235}.Release|Any CPU.Build.0 = Release|Any CPU
		{EBB29A0D-3216-4380-A568-E0A46FEBF7BD}.Debug|Any CPU.ActiveCfg = Debug|Any CPU
		{EBB29A0D-3216-4380-A568-E0A46FEBF7BD}.Debug|Any CPU.Build.0 = Debug|Any CPU
		{EBB29A0D-3216-4380-A568-E0A46FEBF7BD}.Release|Any CPU.ActiveCfg = Release|Any CPU
		{EBB29A0D-3216-4380-A568-E0A46FEBF7BD}.Release|Any CPU.Build.0 = Release|Any CPU
		{9EC5BF77-D0AA-4944-A442-C86EF548E332}.Debug|Any CPU.ActiveCfg = Debug|Any CPU
		{9EC5BF77-D0AA-4944-A442-C86EF548E332}.Debug|Any CPU.Build.0 = Debug|Any CPU
		{9EC5BF77-D0AA-4944-A442-C86EF548E332}.Release|Any CPU.ActiveCfg = Release|Any CPU
		{9EC5BF77-D0AA-4944-A442-C86EF548E332}.Release|Any CPU.Build.0 = Release|Any CPU
		{DBDB4335-C539-44EF-8370-4EBDAB771BCC}.Debug|Any CPU.ActiveCfg = Debug|Any CPU
		{DBDB4335-C539-44EF-8370-4EBDAB771BCC}.Debug|Any CPU.Build.0 = Debug|Any CPU
		{DBDB4335-C539-44EF-8370-4EBDAB771BCC}.Release|Any CPU.ActiveCfg = Release|Any CPU
		{DBDB4335-C539-44EF-8370-4EBDAB771BCC}.Release|Any CPU.Build.0 = Release|Any CPU
		{9DE6B0B7-AA03-43B5-BC32-4BED55345029}.Debug|Any CPU.ActiveCfg = Debug|Any CPU
		{9DE6B0B7-AA03-43B5-BC32-4BED55345029}.Debug|Any CPU.Build.0 = Debug|Any CPU
		{9DE6B0B7-AA03-43B5-BC32-4BED55345029}.Release|Any CPU.ActiveCfg = Release|Any CPU
		{9DE6B0B7-AA03-43B5-BC32-4BED55345029}.Release|Any CPU.Build.0 = Release|Any CPU
		{64FA22B3-99E5-4D2F-9565-EF1D568E1C84}.Debug|Any CPU.ActiveCfg = Debug|Any CPU
		{64FA22B3-99E5-4D2F-9565-EF1D568E1C84}.Debug|Any CPU.Build.0 = Debug|Any CPU
		{64FA22B3-99E5-4D2F-9565-EF1D568E1C84}.Release|Any CPU.ActiveCfg = Release|Any CPU
		{64FA22B3-99E5-4D2F-9565-EF1D568E1C84}.Release|Any CPU.Build.0 = Release|Any CPU
		{E3DFCB9A-388E-4ABC-82DB-29673D41630C}.Debug|Any CPU.ActiveCfg = Debug|Any CPU
		{E3DFCB9A-388E-4ABC-82DB-29673D41630C}.Debug|Any CPU.Build.0 = Debug|Any CPU
		{E3DFCB9A-388E-4ABC-82DB-29673D41630C}.Release|Any CPU.ActiveCfg = Release|Any CPU
		{E3DFCB9A-388E-4ABC-82DB-29673D41630C}.Release|Any CPU.Build.0 = Release|Any CPU
		{799EFE3E-02C8-4096-9BB7-7FCAC21ED59C}.Debug|Any CPU.ActiveCfg = Debug|Any CPU
		{799EFE3E-02C8-4096-9BB7-7FCAC21ED59C}.Debug|Any CPU.Build.0 = Debug|Any CPU
		{799EFE3E-02C8-4096-9BB7-7FCAC21ED59C}.Release|Any CPU.ActiveCfg = Release|Any CPU
		{799EFE3E-02C8-4096-9BB7-7FCAC21ED59C}.Release|Any CPU.Build.0 = Release|Any CPU
		{2440426F-4A81-421D-A262-66B08AF37ABF}.Debug|Any CPU.ActiveCfg = Debug|Any CPU
		{2440426F-4A81-421D-A262-66B08AF37ABF}.Debug|Any CPU.Build.0 = Debug|Any CPU
		{2440426F-4A81-421D-A262-66B08AF37ABF}.Release|Any CPU.ActiveCfg = Release|Any CPU
		{2440426F-4A81-421D-A262-66B08AF37ABF}.Release|Any CPU.Build.0 = Release|Any CPU
	EndGlobalSection
	GlobalSection(SolutionProperties) = preSolution
		HideSolutionNode = FALSE
	EndGlobalSection
	GlobalSection(NestedProjects) = preSolution
		{B3175D52-B32F-486F-AE3F-E17C4E48EC44} = {550BDB5E-801F-4B44-8FF4-A4C54DBC213A}
		{8F4B38E4-BCFC-4188-A10C-A7F9BD165EBA} = {9C75E792-781D-49B7-B7BC-AFF4FB9A0DC4}
		{99B7F7CC-3224-401C-B24B-2D6A4D58F064} = {3F19AEBE-37C0-437E-AD24-529E820FCDE6}
		{9F04F2EA-0C6A-4334-99C2-90EAAE72449C} = {550BDB5E-801F-4B44-8FF4-A4C54DBC213A}
		{8EAA6047-CE9B-4F23-BA22-2159AD760A76} = {3F19AEBE-37C0-437E-AD24-529E820FCDE6}
		{B86A9314-3F96-43A0-8ACF-2CE5ECD31B9B} = {3F19AEBE-37C0-437E-AD24-529E820FCDE6}
		{14ADC145-1A9E-4EEA-8C11-1DB5E344A5E9} = {550BDB5E-801F-4B44-8FF4-A4C54DBC213A}
		{A6E9C2F6-1648-4F06-B50C-F2049E61C235} = {3F19AEBE-37C0-437E-AD24-529E820FCDE6}
		{EBB29A0D-3216-4380-A568-E0A46FEBF7BD} = {3F19AEBE-37C0-437E-AD24-529E820FCDE6}
		{9EC5BF77-D0AA-4944-A442-C86EF548E332} = {3F19AEBE-37C0-437E-AD24-529E820FCDE6}
		{DBDB4335-C539-44EF-8370-4EBDAB771BCC} = {3F19AEBE-37C0-437E-AD24-529E820FCDE6}
		{9DE6B0B7-AA03-43B5-BC32-4BED55345029} = {3F19AEBE-37C0-437E-AD24-529E820FCDE6}
		{64FA22B3-99E5-4D2F-9565-EF1D568E1C84} = {3F19AEBE-37C0-437E-AD24-529E820FCDE6}
		{E3DFCB9A-388E-4ABC-82DB-29673D41630C} = {3F19AEBE-37C0-437E-AD24-529E820FCDE6}
		{799EFE3E-02C8-4096-9BB7-7FCAC21ED59C} = {3F19AEBE-37C0-437E-AD24-529E820FCDE6}
		{2440426F-4A81-421D-A262-66B08AF37ABF} = {3F19AEBE-37C0-437E-AD24-529E820FCDE6}
	EndGlobalSection
	GlobalSection(ExtensibilityGlobals) = postSolution
		SolutionGuid = {8A8903C6-2AEF-4B94-8DBD-C978E383F5C4}
	EndGlobalSection
EndGlobal
